schema: '2.0'
stages:
  data_splitting:
    cmd: python model/train_val_test_split.py
    deps:
    - path: model/data/raw_data
      md5: 285e24a53094d4da7032c6d4df8ce922.dir
      size: 127300437
      nfiles: 130
    - path: model/train_val_test_split.py
      md5: f0f375a4936ed57a1ba80c6be3737060
      size: 5654
    outs:
    - path: model/data/classes.txt
      md5: 049b29a657acb53b81a36d305a499f40
      size: 8
    - path: model/data/images
      md5: b9588dbd6365c97dfcc85248e5029c68.dir
      size: 105188908
      nfiles: 59
    - path: model/data/labels
      md5: 3401d3ca3a6cab7991623ae58f950863.dir
      size: 46292
      nfiles: 59
  model_training:
    cmd: python yolov5/train.py --img 640 --batch 1 --epochs 1 --data model/dataset.yaml
      --weights yolov5s.pt --hyp model/hyp.scratch.yaml --device 0
    deps:
    - path: model/data/classes.txt
      md5: 049b29a657acb53b81a36d305a499f40
      size: 8
    - path: model/data/images
      md5: b9588dbd6365c97dfcc85248e5029c68.dir
      size: 105188908
      nfiles: 59
    - path: model/data/labels
      md5: 995cabfc4c9d7eb2d287d5ac8c3c4871.dir
      size: 71939
      nfiles: 61
    outs:
    - path: yolov5/runs/train/exp
      md5: 69569c3eff9c008a36825db85fe95246.dir
      size: 31278526
      nfiles: 23
  dvc_push:
    cmd: dvc push
    deps:
    - path: yolov5/runs/train/exp
      md5: 97977a233a2a10a71958e374741483eb.dir
      size: 31303679
      nfiles: 23
