schema: '2.0'
stages:
  data_splitting:
    cmd: python model/train_val_test_split.py
    deps:
    - path: model/data/raw_data
      md5: 285e24a53094d4da7032c6d4df8ce922.dir
      size: 127300437
      nfiles: 130
    - path: model/train_val_test_split.py
      md5: f0f375a4936ed57a1ba80c6be3737060
      size: 5654
    outs:
    - path: model/data/classes.txt
      md5: 049b29a657acb53b81a36d305a499f40
      size: 8
    - path: model/data/images
      md5: df183c44507725a91a4c87ed04ffeb41.dir
      size: 105188908
      nfiles: 59
    - path: model/data/labels
      md5: de5535e1a24702868699b9e403e0502a.dir
      size: 73137
      nfiles: 61
  model_training:
    cmd: python yolov5/train.py --img 640 --batch 1 --epochs 100 --data model/dataset.yaml
      --weights yolov5s.pt --hyp model/hyp.scratch.yaml --device mps
    deps:
    - path: model/data/classes.txt
      md5: 049b29a657acb53b81a36d305a499f40
      size: 8
    - path: model/data/images
      md5: df183c44507725a91a4c87ed04ffeb41.dir
      size: 105188908
      nfiles: 59
    - path: model/data/labels
      md5: de5535e1a24702868699b9e403e0502a.dir
      size: 73137
      nfiles: 61
    outs:
    - path: yolov5/runs/train/exp
      md5: 252f56cc0fd3007a6af3189da3f40629.dir
      size: 31685358
      nfiles: 23
