schema: '2.0'
stages:
  data_splitting:
    cmd: python model/train_val_test_split.py
    deps:
    - path: model/data/raw_data
      md5: 285e24a53094d4da7032c6d4df8ce922.dir
      size: 127300437
      nfiles: 130
    - path: model/train_val_test_split.py
      md5: f0f375a4936ed57a1ba80c6be3737060
      size: 5654
    outs:
    - path: model/data/classes.txt
      md5: 049b29a657acb53b81a36d305a499f40
      size: 8
    - path: model/data/images
      md5: 1d7071798fe67a80476c3b31782be283.dir
      size: 105188908
      nfiles: 59
    - path: model/data/labels
      md5: 82a6a26d548b91eac998d84c52a06596.dir
      size: 46292
      nfiles: 59
  model_training:
    cmd: python yolov5/train.py --img 640 --batch 1 --epochs 100 --data model/dataset.yaml
      --weights yolov5s.pt --hyp model/hyp.scratch.yaml --device 0
    deps:
    - path: model/data/classes.txt
      md5: 049b29a657acb53b81a36d305a499f40
      size: 8
    - path: model/data/images
      md5: 1d7071798fe67a80476c3b31782be283.dir
      size: 105188908
      nfiles: 59
    - path: model/data/labels
      md5: 54ed85e6318d18a0de7da7d070912fbe.dir
      size: 72649
      nfiles: 61
    outs:
    - path: yolov5/runs/train/exp
      md5: a39d6a2a887efb1d91dd6a86d1bc1bca.dir
      size: 31825316
      nfiles: 23
  dvc_push:
    cmd: dvc push
    deps:
    - path: yolov5/runs/train/exp
      md5: 97977a233a2a10a71958e374741483eb.dir
      size: 31303679
      nfiles: 23
